
Microsoft Visual Studio Solution File, Format Version 12.00
# Visual Studio Version 16
VisualStudioVersion = 16.0.32106.194
MinimumVisualStudioVersion = 10.0.40219.1
Project("{9A19103F-16F7-4668-BE54-9A1E7A4F7556}") = "rover", "rover\rover.csproj", "{43933FC3-84D5-4E19-82A7-5B7064C30D82}"
EndProject
Project("{FAE04EC0-301F-11D3-BF4B-00C04F79EFBC}") = "rover-test", "rover-test\rover-test.csproj", "{71AD8935-E941-44EA-8EE5-B3BA9787C214}"
EndProject
Global
	GlobalSection(SolutionConfigurationPlatforms) = preSolution
		Debug|Any CPU = Debug|Any CPU
		Release|Any CPU = Release|Any CPU
	EndGlobalSection
	GlobalSection(ProjectConfigurationPlatforms) = postSolution
		{43933FC3-84D5-4E19-82A7-5B7064C30D82}.Debug|Any CPU.ActiveCfg = Debug|Any CPU
		{43933FC3-84D5-4E19-82A7-5B7064C30D82}.Debug|Any CPU.Build.0 = Debug|Any CPU
		{43933FC3-84D5-4E19-82A7-5B7064C30D82}.Release|Any CPU.ActiveCfg = Release|Any CPU
		{43933FC3-84D5-4E19-82A7-5B7064C30D82}.Release|Any CPU.Build.0 = Release|Any CPU
		{71AD8935-E941-44EA-8EE5-B3BA9787C214}.Debug|Any CPU.ActiveCfg = Debug|Any CPU
		{71AD8935-E941-44EA-8EE5-B3BA9787C214}.Debug|Any CPU.Build.0 = Debug|Any CPU
		{71AD8935-E941-44EA-8EE5-B3BA9787C214}.Release|Any CPU.ActiveCfg = Release|Any CPU
		{71AD8935-E941-44EA-8EE5-B3BA9787C214}.Release|Any CPU.Build.0 = Release|Any CPU
	EndGlobalSection
	GlobalSection(SolutionProperties) = preSolution
		HideSolutionNode = FALSE
	EndGlobalSection
	GlobalSection(ExtensibilityGlobals) = postSolution
		SolutionGuid = {ACA08C0D-26EB-4081-B579-B8E41B1652CA}
	EndGlobalSection
EndGlobal
